{
  "version": 4,
  "terraform_version": "1.3.7",
  "serial": 69,
  "lineage": "9e7c85c5-2e5f-9724-0e26-7b49ff18516e",
  "outputs": {},
  "resources": [
    {
      "module": "module.google_networks",
      "mode": "managed",
      "type": "google_compute_network",
      "name": "vpc",
      "provider": "provider[\"registry.terraform.io/hashicorp/google\"]",
      "instances": [
        {
          "schema_version": 0,
          "attributes": {
            "auto_create_subnetworks": false,
            "delete_default_routes_on_create": true,
            "description": "",
            "gateway_ipv4": "",
            "id": "projects/formlabs-377008/global/networks/kubernetes-cluster",
            "mtu": 0,
            "name": "kubernetes-cluster",
            "project": "formlabs-377008",
            "routing_mode": "GLOBAL",
            "self_link": "https://www.googleapis.com/compute/v1/projects/formlabs-377008/global/networks/kubernetes-cluster",
            "timeouts": null
          },
          "sensitive_attributes": [],
          "private": "eyJlMmJmYjczMC1lY2FhLTExZTYtOGY4OC0zNDM2M2JjN2M0YzAiOnsiY3JlYXRlIjoyNDAwMDAwMDAwMDAsImRlbGV0ZSI6MjQwMDAwMDAwMDAwLCJ1cGRhdGUiOjI0MDAwMDAwMDAwMH19"
        }
      ]
    }
  ],
  "check_results": null
}
